// !$*UTF8*$!
{
	archiveVersion = 1;
	classes = {
	};
	objectVersion = 46;
	objects = {

/* Begin PBXBuildFile section */
		48D7EEC1AEAE4C44A4BC1CC7 /* libPods.a in Frameworks */ = {isa = PBXBuildFile; fileRef = E4A17D82C09B400692EB677F /* libPods.a */; };
		9A8BF32D19EAFBA500126775 /* Foundation.framework in Frameworks */ = {isa = PBXBuildFile; fileRef = 9A8BF32C19EAFBA500126775 /* Foundation.framework */; };
		9A8BF32F19EAFBA500126775 /* CoreGraphics.framework in Frameworks */ = {isa = PBXBuildFile; fileRef = 9A8BF32E19EAFBA500126775 /* CoreGraphics.framework */; };
		9A8BF33119EAFBA500126775 /* UIKit.framework in Frameworks */ = {isa = PBXBuildFile; fileRef = 9A8BF33019EAFBA500126775 /* UIKit.framework */; };
		9A8BF33719EAFBA500126775 /* InfoPlist.strings in Resources */ = {isa = PBXBuildFile; fileRef = 9A8BF33519EAFBA500126775 /* InfoPlist.strings */; };
		9A8BF33919EAFBA500126775 /* main.m in Sources */ = {isa = PBXBuildFile; fileRef = 9A8BF33819EAFBA500126775 /* main.m */; };
		9A8BF33D19EAFBA500126775 /* UVMAppDelegate.m in Sources */ = {isa = PBXBuildFile; fileRef = 9A8BF33C19EAFBA500126775 /* UVMAppDelegate.m */; };
		9A8BF34019EAFBA500126775 /* Main.storyboard in Resources */ = {isa = PBXBuildFile; fileRef = 9A8BF33E19EAFBA500126775 /* Main.storyboard */; };
		9A8BF34519EAFBA500126775 /* Images.xcassets in Resources */ = {isa = PBXBuildFile; fileRef = 9A8BF34419EAFBA500126775 /* Images.xcassets */; };
		9A8BF34C19EAFBA500126775 /* XCTest.framework in Frameworks */ = {isa = PBXBuildFile; fileRef = 9A8BF34B19EAFBA500126775 /* XCTest.framework */; };
		9A8BF34D19EAFBA500126775 /* Foundation.framework in Frameworks */ = {isa = PBXBuildFile; fileRef = 9A8BF32C19EAFBA500126775 /* Foundation.framework */; };
		9A8BF34E19EAFBA500126775 /* UIKit.framework in Frameworks */ = {isa = PBXBuildFile; fileRef = 9A8BF33019EAFBA500126775 /* UIKit.framework */; };
		9A8BF35619EAFBA500126775 /* InfoPlist.strings in Resources */ = {isa = PBXBuildFile; fileRef = 9A8BF35419EAFBA500126775 /* InfoPlist.strings */; };
		9A8BF35819EAFBA500126775 /* RadioUVMTests.m in Sources */ = {isa = PBXBuildFile; fileRef = 9A8BF35719EAFBA500126775 /* RadioUVMTests.m */; };
		9A8BF36719EAFF2500126775 /* bg.jpg in Resources */ = {isa = PBXBuildFile; fileRef = 9A8BF36219EAFF2500126775 /* bg.jpg */; };
		9A8BF36819EAFF2500126775 /* bgradio.jpg in Resources */ = {isa = PBXBuildFile; fileRef = 9A8BF36319EAFF2500126775 /* bgradio.jpg */; };
		9A8BF36919EAFF2500126775 /* logo.png in Resources */ = {isa = PBXBuildFile; fileRef = 9A8BF36419EAFF2500126775 /* logo.png */; };
		9A8BF36A19EAFF2500126775 /* logouvm.png in Resources */ = {isa = PBXBuildFile; fileRef = 9A8BF36519EAFF2500126775 /* logouvm.png */; };
		9A8BF36B19EAFF2500126775 /* slider2.jpg in Resources */ = {isa = PBXBuildFile; fileRef = 9A8BF36619EAFF2500126775 /* slider2.jpg */; };
		9A8BF37519EB073100126775 /* UVMMainViewController.m in Sources */ = {isa = PBXBuildFile; fileRef = 9A8BF37419EB073100126775 /* UVMMainViewController.m */; };
		9A8BF37919EB074B00126775 /* UVMAboutViewController.m in Sources */ = {isa = PBXBuildFile; fileRef = 9A8BF37819EB074B00126775 /* UVMAboutViewController.m */; };
		9A8BF37D19EB076F00126775 /* UVMMessageHelper.m in Sources */ = {isa = PBXBuildFile; fileRef = 9A8BF37C19EB076F00126775 /* UVMMessageHelper.m */; };
		9A8BF38119EB078800126775 /* UVMRadioModel.m in Sources */ = {isa = PBXBuildFile; fileRef = 9A8BF38019EB078800126775 /* UVMRadioModel.m */; };
/* End PBXBuildFile section */

/* Begin PBXContainerItemProxy section */
		9A8BF34F19EAFBA500126775 /* PBXContainerItemProxy */ = {
			isa = PBXContainerItemProxy;
			containerPortal = 9A8BF32119EAFBA500126775 /* Project object */;
			proxyType = 1;
			remoteGlobalIDString = 9A8BF32819EAFBA500126775;
			remoteInfo = RadioUVM;
		};
/* End PBXContainerItemProxy section */

/* Begin PBXFileReference section */
		5594BF96EF1D4B1D934BF3AF /* Pods.xcconfig */ = {isa = PBXFileReference; includeInIndex = 1; lastKnownFileType = text.xcconfig; name = Pods.xcconfig; path = Pods/Pods.xcconfig; sourceTree = "<group>"; };
		9A8BF32919EAFBA500126775 /* RadioUVM.app */ = {isa = PBXFileReference; explicitFileType = wrapper.application; includeInIndex = 0; path = RadioUVM.app; sourceTree = BUILT_PRODUCTS_DIR; };
		9A8BF32C19EAFBA500126775 /* Foundation.framework */ = {isa = PBXFileReference; lastKnownFileType = wrapper.framework; name = Foundation.framework; path = System/Library/Frameworks/Foundation.framework; sourceTree = SDKROOT; };
		9A8BF32E19EAFBA500126775 /* CoreGraphics.framework */ = {isa = PBXFileReference; lastKnownFileType = wrapper.framework; name = CoreGraphics.framework; path = System/Library/Frameworks/CoreGraphics.framework; sourceTree = SDKROOT; };
		9A8BF33019EAFBA500126775 /* UIKit.framework */ = {isa = PBXFileReference; lastKnownFileType = wrapper.framework; name = UIKit.framework; path = System/Library/Frameworks/UIKit.framework; sourceTree = SDKROOT; };
		9A8BF33419EAFBA500126775 /* RadioUVM-Info.plist */ = {isa = PBXFileReference; lastKnownFileType = text.plist.xml; path = "RadioUVM-Info.plist"; sourceTree = "<group>"; };
		9A8BF33619EAFBA500126775 /* en */ = {isa = PBXFileReference; lastKnownFileType = text.plist.strings; name = en; path = en.lproj/InfoPlist.strings; sourceTree = "<group>"; };
		9A8BF33819EAFBA500126775 /* main.m */ = {isa = PBXFileReference; lastKnownFileType = sourcecode.c.objc; path = main.m; sourceTree = "<group>"; };
		9A8BF33A19EAFBA500126775 /* RadioUVM-Prefix.pch */ = {isa = PBXFileReference; lastKnownFileType = sourcecode.c.h; path = "RadioUVM-Prefix.pch"; sourceTree = "<group>"; };
		9A8BF33B19EAFBA500126775 /* UVMAppDelegate.h */ = {isa = PBXFileReference; lastKnownFileType = sourcecode.c.h; path = UVMAppDelegate.h; sourceTree = "<group>"; };
		9A8BF33C19EAFBA500126775 /* UVMAppDelegate.m */ = {isa = PBXFileReference; lastKnownFileType = sourcecode.c.objc; path = UVMAppDelegate.m; sourceTree = "<group>"; };
		9A8BF33F19EAFBA500126775 /* Base */ = {isa = PBXFileReference; lastKnownFileType = file.storyboard; name = Base; path = Base.lproj/Main.storyboard; sourceTree = "<group>"; };
		9A8BF34419EAFBA500126775 /* Images.xcassets */ = {isa = PBXFileReference; lastKnownFileType = folder.assetcatalog; path = Images.xcassets; sourceTree = "<group>"; };
		9A8BF34A19EAFBA500126775 /* RadioUVMTests.xctest */ = {isa = PBXFileReference; explicitFileType = wrapper.cfbundle; includeInIndex = 0; path = RadioUVMTests.xctest; sourceTree = BUILT_PRODUCTS_DIR; };
		9A8BF34B19EAFBA500126775 /* XCTest.framework */ = {isa = PBXFileReference; lastKnownFileType = wrapper.framework; name = XCTest.framework; path = Library/Frameworks/XCTest.framework; sourceTree = DEVELOPER_DIR; };
		9A8BF35319EAFBA500126775 /* RadioUVMTests-Info.plist */ = {isa = PBXFileReference; lastKnownFileType = text.plist.xml; path = "RadioUVMTests-Info.plist"; sourceTree = "<group>"; };
		9A8BF35519EAFBA500126775 /* en */ = {isa = PBXFileReference; lastKnownFileType = text.plist.strings; name = en; path = en.lproj/InfoPlist.strings; sourceTree = "<group>"; };
		9A8BF35719EAFBA500126775 /* RadioUVMTests.m */ = {isa = PBXFileReference; lastKnownFileType = sourcecode.c.objc; path = RadioUVMTests.m; sourceTree = "<group>"; };
		9A8BF36219EAFF2500126775 /* bg.jpg */ = {isa = PBXFileReference; lastKnownFileType = image.jpeg; path = bg.jpg; sourceTree = "<group>"; };
		9A8BF36319EAFF2500126775 /* bgradio.jpg */ = {isa = PBXFileReference; lastKnownFileType = image.jpeg; path = bgradio.jpg; sourceTree = "<group>"; };
		9A8BF36419EAFF2500126775 /* logo.png */ = {isa = PBXFileReference; lastKnownFileType = image.png; path = logo.png; sourceTree = "<group>"; };
		9A8BF36519EAFF2500126775 /* logouvm.png */ = {isa = PBXFileReference; lastKnownFileType = image.png; path = logouvm.png; sourceTree = "<group>"; };
		9A8BF36619EAFF2500126775 /* slider2.jpg */ = {isa = PBXFileReference; lastKnownFileType = image.jpeg; path = slider2.jpg; sourceTree = "<group>"; };
		9A8BF37319EB073100126775 /* UVMMainViewController.h */ = {isa = PBXFileReference; fileEncoding = 4; lastKnownFileType = sourcecode.c.h; path = UVMMainViewController.h; sourceTree = "<group>"; };
		9A8BF37419EB073100126775 /* UVMMainViewController.m */ = {isa = PBXFileReference; fileEncoding = 4; lastKnownFileType = sourcecode.c.objc; path = UVMMainViewController.m; sourceTree = "<group>"; };
		9A8BF37719EB074B00126775 /* UVMAboutViewController.h */ = {isa = PBXFileReference; fileEncoding = 4; lastKnownFileType = sourcecode.c.h; path = UVMAboutViewController.h; sourceTree = "<group>"; };
		9A8BF37819EB074B00126775 /* UVMAboutViewController.m */ = {isa = PBXFileReference; fileEncoding = 4; lastKnownFileType = sourcecode.c.objc; path = UVMAboutViewController.m; sourceTree = "<group>"; };
		9A8BF37B19EB076F00126775 /* UVMMessageHelper.h */ = {isa = PBXFileReference; fileEncoding = 4; lastKnownFileType = sourcecode.c.h; path = UVMMessageHelper.h; sourceTree = "<group>"; };
		9A8BF37C19EB076F00126775 /* UVMMessageHelper.m */ = {isa = PBXFileReference; fileEncoding = 4; lastKnownFileType = sourcecode.c.objc; path = UVMMessageHelper.m; sourceTree = "<group>"; };
		9A8BF37F19EB078800126775 /* UVMRadioModel.h */ = {isa = PBXFileReference; fileEncoding = 4; lastKnownFileType = sourcecode.c.h; path = UVMRadioModel.h; sourceTree = "<group>"; };
		9A8BF38019EB078800126775 /* UVMRadioModel.m */ = {isa = PBXFileReference; fileEncoding = 4; lastKnownFileType = sourcecode.c.objc; path = UVMRadioModel.m; sourceTree = "<group>"; };
		E4A17D82C09B400692EB677F /* libPods.a */ = {isa = PBXFileReference; explicitFileType = archive.ar; includeInIndex = 0; path = libPods.a; sourceTree = BUILT_PRODUCTS_DIR; };
/* End PBXFileReference section */

/* Begin PBXFrameworksBuildPhase section */
		9A8BF32619EAFBA500126775 /* Frameworks */ = {
			isa = PBXFrameworksBuildPhase;
			buildActionMask = 2147483647;
			files = (
				9A8BF32F19EAFBA500126775 /* CoreGraphics.framework in Frameworks */,
				9A8BF33119EAFBA500126775 /* UIKit.framework in Frameworks */,
				9A8BF32D19EAFBA500126775 /* Foundation.framework in Frameworks */,
				48D7EEC1AEAE4C44A4BC1CC7 /* libPods.a in Frameworks */,
			);
			runOnlyForDeploymentPostprocessing = 0;
		};
		9A8BF34719EAFBA500126775 /* Frameworks */ = {
			isa = PBXFrameworksBuildPhase;
			buildActionMask = 2147483647;
			files = (
				9A8BF34C19EAFBA500126775 /* XCTest.framework in Frameworks */,
				9A8BF34E19EAFBA500126775 /* UIKit.framework in Frameworks */,
				9A8BF34D19EAFBA500126775 /* Foundation.framework in Frameworks */,
			);
			runOnlyForDeploymentPostprocessing = 0;
		};
/* End PBXFrameworksBuildPhase section */

/* Begin PBXGroup section */
		9A8BF32019EAFBA500126775 = {
			isa = PBXGroup;
			children = (
				9A8BF33219EAFBA500126775 /* RadioUVM */,
				9A8BF35119EAFBA500126775 /* RadioUVMTests */,
				9A8BF32B19EAFBA500126775 /* Frameworks */,
				9A8BF32A19EAFBA500126775 /* Products */,
				5594BF96EF1D4B1D934BF3AF /* Pods.xcconfig */,
			);
			sourceTree = "<group>";
		};
		9A8BF32A19EAFBA500126775 /* Products */ = {
			isa = PBXGroup;
			children = (
				9A8BF32919EAFBA500126775 /* RadioUVM.app */,
				9A8BF34A19EAFBA500126775 /* RadioUVMTests.xctest */,
			);
			name = Products;
			sourceTree = "<group>";
		};
		9A8BF32B19EAFBA500126775 /* Frameworks */ = {
			isa = PBXGroup;
			children = (
				9A8BF32C19EAFBA500126775 /* Foundation.framework */,
				9A8BF32E19EAFBA500126775 /* CoreGraphics.framework */,
				9A8BF33019EAFBA500126775 /* UIKit.framework */,
				9A8BF34B19EAFBA500126775 /* XCTest.framework */,
				E4A17D82C09B400692EB677F /* libPods.a */,
			);
			name = Frameworks;
			sourceTree = "<group>";
		};
		9A8BF33219EAFBA500126775 /* RadioUVM */ = {
			isa = PBXGroup;
			children = (
				9A8BF37019EB070800126775 /* Controllers */,
				9A8BF37119EB070800126775 /* Helpers */,
				9A8BF37219EB070800126775 /* Models */,
				9A8BF36119EAFF2500126775 /* Assets */,
				9A8BF36C19EB02D500126775 /* App Delegate */,
				9A8BF33E19EAFBA500126775 /* Main.storyboard */,
				9A8BF34419EAFBA500126775 /* Images.xcassets */,
				9A8BF33319EAFBA500126775 /* Supporting Files */,
			);
			path = RadioUVM;
			sourceTree = "<group>";
		};
		9A8BF33319EAFBA500126775 /* Supporting Files */ = {
			isa = PBXGroup;
			children = (
				9A8BF33419EAFBA500126775 /* RadioUVM-Info.plist */,
				9A8BF33519EAFBA500126775 /* InfoPlist.strings */,
				9A8BF33819EAFBA500126775 /* main.m */,
				9A8BF33A19EAFBA500126775 /* RadioUVM-Prefix.pch */,
			);
			name = "Supporting Files";
			sourceTree = "<group>";
		};
		9A8BF35119EAFBA500126775 /* RadioUVMTests */ = {
			isa = PBXGroup;
			children = (
				9A8BF35719EAFBA500126775 /* RadioUVMTests.m */,
				9A8BF35219EAFBA500126775 /* Supporting Files */,
			);
			path = RadioUVMTests;
			sourceTree = "<group>";
		};
		9A8BF35219EAFBA500126775 /* Supporting Files */ = {
			isa = PBXGroup;
			children = (
				9A8BF35319EAFBA500126775 /* RadioUVMTests-Info.plist */,
				9A8BF35419EAFBA500126775 /* InfoPlist.strings */,
			);
			name = "Supporting Files";
			sourceTree = "<group>";
		};
		9A8BF36119EAFF2500126775 /* Assets */ = {
			isa = PBXGroup;
			children = (
				9A8BF36219EAFF2500126775 /* bg.jpg */,
				9A8BF36319EAFF2500126775 /* bgradio.jpg */,
				9A8BF36419EAFF2500126775 /* logo.png */,
				9A8BF36519EAFF2500126775 /* logouvm.png */,
				9A8BF36619EAFF2500126775 /* slider2.jpg */,
			);
			name = Assets;
			path = assets;
			sourceTree = "<group>";
		};
		9A8BF36C19EB02D500126775 /* App Delegate */ = {
			isa = PBXGroup;
			children = (
				9A8BF33B19EAFBA500126775 /* UVMAppDelegate.h */,
				9A8BF33C19EAFBA500126775 /* UVMAppDelegate.m */,
			);
			name = "App Delegate";
			sourceTree = "<group>";
		};
		9A8BF37019EB070800126775 /* Controllers */ = {
			isa = PBXGroup;
			children = (
				9A8BF37619EB073600126775 /* Main Controller */,
				9A8BF37A19EB075300126775 /* About Controller */,
			);
			path = Controllers;
			sourceTree = "<group>";
		};
		9A8BF37119EB070800126775 /* Helpers */ = {
			isa = PBXGroup;
			children = (
				9A8BF37E19EB077400126775 /* Message Helper */,
			);
			path = Helpers;
			sourceTree = "<group>";
		};
		9A8BF37219EB070800126775 /* Models */ = {
			isa = PBXGroup;
			children = (
				9A8BF38219EB078C00126775 /* Radio Model */,
			);
			path = Models;
			sourceTree = "<group>";
		};
		9A8BF37619EB073600126775 /* Main Controller */ = {
			isa = PBXGroup;
			children = (
				9A8BF37319EB073100126775 /* UVMMainViewController.h */,
				9A8BF37419EB073100126775 /* UVMMainViewController.m */,
			);
			name = "Main Controller";
			sourceTree = "<group>";
		};
		9A8BF37A19EB075300126775 /* About Controller */ = {
			isa = PBXGroup;
			children = (
				9A8BF37719EB074B00126775 /* UVMAboutViewController.h */,
				9A8BF37819EB074B00126775 /* UVMAboutViewController.m */,
			);
			name = "About Controller";
			sourceTree = "<group>";
		};
		9A8BF37E19EB077400126775 /* Message Helper */ = {
			isa = PBXGroup;
			children = (
				9A8BF37B19EB076F00126775 /* UVMMessageHelper.h */,
				9A8BF37C19EB076F00126775 /* UVMMessageHelper.m */,
			);
			name = "Message Helper";
			sourceTree = "<group>";
		};
		9A8BF38219EB078C00126775 /* Radio Model */ = {
			isa = PBXGroup;
			children = (
				9A8BF37F19EB078800126775 /* UVMRadioModel.h */,
				9A8BF38019EB078800126775 /* UVMRadioModel.m */,
			);
			name = "Radio Model";
			sourceTree = "<group>";
		};
/* End PBXGroup section */

/* Begin PBXNativeTarget section */
		9A8BF32819EAFBA500126775 /* RadioUVM */ = {
			isa = PBXNativeTarget;
			buildConfigurationList = 9A8BF35B19EAFBA500126775 /* Build configuration list for PBXNativeTarget "RadioUVM" */;
			buildPhases = (
				C33A7F0A0D034BBC94B1F202 /* Check Pods Manifest.lock */,
				9A8BF32519EAFBA500126775 /* Sources */,
				9A8BF32619EAFBA500126775 /* Frameworks */,
				9A8BF32719EAFBA500126775 /* Resources */,
				4A3C29B610734920AEF7C437 /* Copy Pods Resources */,
			);
			buildRules = (
			);
			dependencies = (
			);
			name = RadioUVM;
			productName = RadioUVM;
			productReference = 9A8BF32919EAFBA500126775 /* RadioUVM.app */;
			productType = "com.apple.product-type.application";
		};
		9A8BF34919EAFBA500126775 /* RadioUVMTests */ = {
			isa = PBXNativeTarget;
			buildConfigurationList = 9A8BF35E19EAFBA500126775 /* Build configuration list for PBXNativeTarget "RadioUVMTests" */;
			buildPhases = (
				9A8BF34619EAFBA500126775 /* Sources */,
				9A8BF34719EAFBA500126775 /* Frameworks */,
				9A8BF34819EAFBA500126775 /* Resources */,
			);
			buildRules = (
			);
			dependencies = (
				9A8BF35019EAFBA500126775 /* PBXTargetDependency */,
			);
			name = RadioUVMTests;
			productName = RadioUVMTests;
			productReference = 9A8BF34A19EAFBA500126775 /* RadioUVMTests.xctest */;
			productType = "com.apple.product-type.bundle.unit-test";
		};
/* End PBXNativeTarget section */

/* Begin PBXProject section */
		9A8BF32119EAFBA500126775 /* Project object */ = {
			isa = PBXProject;
			attributes = {
				CLASSPREFIX = UVM;
				LastUpgradeCheck = 0510;
				ORGANIZATIONNAME = "Universidad de Viña del Mar";
				TargetAttributes = {
					9A8BF32819EAFBA500126775 = {
						SystemCapabilities = {
							com.apple.BackgroundModes = {
								enabled = 1;
							};
						};
					};
					9A8BF34919EAFBA500126775 = {
						TestTargetID = 9A8BF32819EAFBA500126775;
					};
				};
			};
			buildConfigurationList = 9A8BF32419EAFBA500126775 /* Build configuration list for PBXProject "RadioUVM" */;
			compatibilityVersion = "Xcode 3.2";
			developmentRegion = English;
			hasScannedForEncodings = 0;
			knownRegions = (
				en,
				Base,
			);
			mainGroup = 9A8BF32019EAFBA500126775;
			productRefGroup = 9A8BF32A19EAFBA500126775 /* Products */;
			projectDirPath = "";
			projectRoot = "";
			targets = (
				9A8BF32819EAFBA500126775 /* RadioUVM */,
				9A8BF34919EAFBA500126775 /* RadioUVMTests */,
			);
		};
/* End PBXProject section */

/* Begin PBXResourcesBuildPhase section */
		9A8BF32719EAFBA500126775 /* Resources */ = {
			isa = PBXResourcesBuildPhase;
			buildActionMask = 2147483647;
			files = (
				9A8BF34519EAFBA500126775 /* Images.xcassets in Resources */,
				9A8BF36A19EAFF2500126775 /* logouvm.png in Resources */,
				9A8BF33719EAFBA500126775 /* InfoPlist.strings in Resources */,
				9A8BF36919EAFF2500126775 /* logo.png in Resources */,
				9A8BF36719EAFF2500126775 /* bg.jpg in Resources */,
				9A8BF36819EAFF2500126775 /* bgradio.jpg in Resources */,
				9A8BF34019EAFBA500126775 /* Main.storyboard in Resources */,
				9A8BF36B19EAFF2500126775 /* slider2.jpg in Resources */,
			);
			runOnlyForDeploymentPostprocessing = 0;
		};
		9A8BF34819EAFBA500126775 /* Resources */ = {
			isa = PBXResourcesBuildPhase;
			buildActionMask = 2147483647;
			files = (
				9A8BF35619EAFBA500126775 /* InfoPlist.strings in Resources */,
			);
			runOnlyForDeploymentPostprocessing = 0;
		};
/* End PBXResourcesBuildPhase section */

/* Begin PBXShellScriptBuildPhase section */
		4A3C29B610734920AEF7C437 /* Copy Pods Resources */ = {
			isa = PBXShellScriptBuildPhase;
			buildActionMask = 2147483647;
			files = (
			);
			inputPaths = (
			);
			name = "Copy Pods Resources";
			outputPaths = (
			);
			runOnlyForDeploymentPostprocessing = 0;
			shellPath = /bin/sh;
			shellScript = "\"${SRCROOT}/Pods/Pods-resources.sh\"\n";
			showEnvVarsInLog = 0;
		};
		C33A7F0A0D034BBC94B1F202 /* Check Pods Manifest.lock */ = {
			isa = PBXShellScriptBuildPhase;
			buildActionMask = 2147483647;
			files = (
			);
			inputPaths = (
			);
			name = "Check Pods Manifest.lock";
			outputPaths = (
			);
			runOnlyForDeploymentPostprocessing = 0;
			shellPath = /bin/sh;
			shellScript = "diff \"${PODS_ROOT}/../Podfile.lock\" \"${PODS_ROOT}/Manifest.lock\" > /dev/null\nif [[ $? != 0 ]] ; then\n    cat << EOM\nerror: The sandbox is not in sync with the Podfile.lock. Run 'pod install' or update your CocoaPods installation.\nEOM\n    exit 1\nfi\n";
			showEnvVarsInLog = 0;
		};
/* End PBXShellScriptBuildPhase section */

/* Begin PBXSourcesBuildPhase section */
		9A8BF32519EAFBA500126775 /* Sources */ = {
			isa = PBXSourcesBuildPhase;
			buildActionMask = 2147483647;
			files = (
				9A8BF33919EAFBA500126775 /* main.m in Sources */,
				9A8BF37919EB074B00126775 /* UVMAboutViewController.m in Sources */,
				9A8BF38119EB078800126775 /* UVMRadioModel.m in Sources */,
				9A8BF37D19EB076F00126775 /* UVMMessageHelper.m in Sources */,
				9A8BF37519EB073100126775 /* UVMMainViewController.m in Sources */,
				9A8BF33D19EAFBA500126775 /* UVMAppDelegate.m in Sources */,
			);
			runOnlyForDeploymentPostprocessing = 0;
		};
		9A8BF34619EAFBA500126775 /* Sources */ = {
			isa = PBXSourcesBuildPhase;
			buildActionMask = 2147483647;
			files = (
				9A8BF35819EAFBA500126775 /* RadioUVMTests.m in Sources */,
			);
			runOnlyForDeploymentPostprocessing = 0;
		};
/* End PBXSourcesBuildPhase section */

/* Begin PBXTargetDependency section */
		9A8BF35019EAFBA500126775 /* PBXTargetDependency */ = {
			isa = PBXTargetDependency;
			target = 9A8BF32819EAFBA500126775 /* RadioUVM */;
			targetProxy = 9A8BF34F19EAFBA500126775 /* PBXContainerItemProxy */;
		};
/* End PBXTargetDependency section */

/* Begin PBXVariantGroup section */
		9A8BF33519EAFBA500126775 /* InfoPlist.strings */ = {
			isa = PBXVariantGroup;
			children = (
				9A8BF33619EAFBA500126775 /* en */,
			);
			name = InfoPlist.strings;
			sourceTree = "<group>";
		};
		9A8BF33E19EAFBA500126775 /* Main.storyboard */ = {
			isa = PBXVariantGroup;
			children = (
				9A8BF33F19EAFBA500126775 /* Base */,
			);
			name = Main.storyboard;
			sourceTree = "<group>";
		};
		9A8BF35419EAFBA500126775 /* InfoPlist.strings */ = {
			isa = PBXVariantGroup;
			children = (
				9A8BF35519EAFBA500126775 /* en */,
			);
			name = InfoPlist.strings;
			sourceTree = "<group>";
		};
/* End PBXVariantGroup section */

/* Begin XCBuildConfiguration section */
		9A8BF35919EAFBA500126775 /* Debug */ = {
			isa = XCBuildConfiguration;
			buildSettings = {
				ALWAYS_SEARCH_USER_PATHS = NO;
				CLANG_CXX_LANGUAGE_STANDARD = "gnu++0x";
				CLANG_CXX_LIBRARY = "libc++";
				CLANG_ENABLE_MODULES = YES;
				CLANG_ENABLE_OBJC_ARC = YES;
				CLANG_WARN_BOOL_CONVERSION = YES;
				CLANG_WARN_CONSTANT_CONVERSION = YES;
				CLANG_WARN_DIRECT_OBJC_ISA_USAGE = YES_ERROR;
				CLANG_WARN_EMPTY_BODY = YES;
				CLANG_WARN_ENUM_CONVERSION = YES;
				CLANG_WARN_INT_CONVERSION = YES;
				CLANG_WARN_OBJC_ROOT_CLASS = YES_ERROR;
				CLANG_WARN__DUPLICATE_METHOD_MATCH = YES;
				"CODE_SIGN_IDENTITY[sdk=iphoneos*]" = "iPhone Developer";
				COPY_PHASE_STRIP = NO;
				GCC_C_LANGUAGE_STANDARD = gnu99;
				GCC_DYNAMIC_NO_PIC = NO;
				GCC_OPTIMIZATION_LEVEL = 0;
				GCC_PREPROCESSOR_DEFINITIONS = (
					"DEBUG=1",
					"$(inherited)",
				);
				GCC_SYMBOLS_PRIVATE_EXTERN = NO;
				GCC_WARN_64_TO_32_BIT_CONVERSION = YES;
				GCC_WARN_ABOUT_RETURN_TYPE = YES_ERROR;
				GCC_WARN_UNDECLARED_SELECTOR = YES;
				GCC_WARN_UNINITIALIZED_AUTOS = YES_AGGRESSIVE;
				GCC_WARN_UNUSED_FUNCTION = YES;
				GCC_WARN_UNUSED_VARIABLE = YES;
				IPHONEOS_DEPLOYMENT_TARGET = 7.1;
				ONLY_ACTIVE_ARCH = YES;
				SDKROOT = iphoneos;
			};
			name = Debug;
		};
		9A8BF35A19EAFBA500126775 /* Release */ = {
			isa = XCBuildConfiguration;
			buildSettings = {
				ALWAYS_SEARCH_USER_PATHS = NO;
				CLANG_CXX_LANGUAGE_STANDARD = "gnu++0x";
				CLANG_CXX_LIBRARY = "libc++";
				CLANG_ENABLE_MODULES = YES;
				CLANG_ENABLE_OBJC_ARC = YES;
				CLANG_WARN_BOOL_CONVERSION = YES;
				CLANG_WARN_CONSTANT_CONVERSION = YES;
				CLANG_WARN_DIRECT_OBJC_ISA_USAGE = YES_ERROR;
				CLANG_WARN_EMPTY_BODY = YES;
				CLANG_WARN_ENUM_CONVERSION = YES;
				CLANG_WARN_INT_CONVERSION = YES;
				CLANG_WARN_OBJC_ROOT_CLASS = YES_ERROR;
				CLANG_WARN__DUPLICATE_METHOD_MATCH = YES;
				"CODE_SIGN_IDENTITY[sdk=iphoneos*]" = "iPhone Developer";
				COPY_PHASE_STRIP = YES;
				ENABLE_NS_ASSERTIONS = NO;
				GCC_C_LANGUAGE_STANDARD = gnu99;
				GCC_WARN_64_TO_32_BIT_CONVERSION = YES;
				GCC_WARN_ABOUT_RETURN_TYPE = YES_ERROR;
				GCC_WARN_UNDECLARED_SELECTOR = YES;
				GCC_WARN_UNINITIALIZED_AUTOS = YES_AGGRESSIVE;
				GCC_WARN_UNUSED_FUNCTION = YES;
				GCC_WARN_UNUSED_VARIABLE = YES;
				IPHONEOS_DEPLOYMENT_TARGET = 7.1;
				SDKROOT = iphoneos;
				VALIDATE_PRODUCT = YES;
			};
			name = Release;
		};
		9A8BF35C19EAFBA500126775 /* Debug */ = {
			isa = XCBuildConfiguration;
			baseConfigurationReference = 5594BF96EF1D4B1D934BF3AF /* Pods.xcconfig */;
			buildSettings = {
				ASSETCATALOG_COMPILER_APPICON_NAME = AppIcon;
				ASSETCATALOG_COMPILER_LAUNCHIMAGE_NAME = LaunchImage;
				GCC_PRECOMPILE_PREFIX_HEADER = YES;
				GCC_PREFIX_HEADER = "RadioUVM/RadioUVM-Prefix.pch";
				INFOPLIST_FILE = "RadioUVM/RadioUVM-Info.plist";
				PRODUCT_NAME = "$(TARGET_NAME)";
				WRAPPER_EXTENSION = app;
			};
			name = Debug;
		};
		9A8BF35D19EAFBA500126775 /* Release */ = {
			isa = XCBuildConfiguration;
			baseConfigurationReference = 5594BF96EF1D4B1D934BF3AF /* Pods.xcconfig */;
			buildSettings = {
				ASSETCATALOG_COMPILER_APPICON_NAME = AppIcon;
				ASSETCATALOG_COMPILER_LAUNCHIMAGE_NAME = LaunchImage;
				GCC_PRECOMPILE_PREFIX_HEADER = YES;
				GCC_PREFIX_HEADER = "RadioUVM/RadioUVM-Prefix.pch";
				INFOPLIST_FILE = "RadioUVM/RadioUVM-Info.plist";
				PRODUCT_NAME = "$(TARGET_NAME)";
				WRAPPER_EXTENSION = app;
			};
			name = Release;
		};
		9A8BF35F19EAFBA500126775 /* Debug */ = {
			isa = XCBuildConfiguration;
			buildSettings = {
				BUNDLE_LOADER = "$(BUILT_PRODUCTS_DIR)/RadioUVM.app/RadioUVM";
				FRAMEWORK_SEARCH_PATHS = (
					"$(SDKROOT)/Developer/Library/Frameworks",
					"$(inherited)",
					"$(DEVELOPER_FRAMEWORKS_DIR)",
				);
				GCC_PRECOMPILE_PREFIX_HEADER = YES;
				GCC_PREFIX_HEADER = "RadioUVM/RadioUVM-Prefix.pch";
				GCC_PREPROCESSOR_DEFINITIONS = (
					"DEBUG=1",
					"$(inherited)",
				);
				INFOPLIST_FILE = "RadioUVMTests/RadioUVMTests-Info.plist";
				PRODUCT_NAME = "$(TARGET_NAME)";
				TEST_HOST = "$(BUNDLE_LOADER)";
				WRAPPER_EXTENSION = xctest;
			};
			name = Debug;
		};
		9A8BF36019EAFBA500126775 /* Release */ = {
			isa = XCBuildConfiguration;
			buildSettings = {
				BUNDLE_LOADER = "$(BUILT_PRODUCTS_DIR)/RadioUVM.app/RadioUVM";
				FRAMEWORK_SEARCH_PATHS = (
					"$(SDKROOT)/Developer/Library/Frameworks",
					"$(inherited)",
					"$(DEVELOPER_FRAMEWORKS_DIR)",
				);
				GCC_PRECOMPILE_PREFIX_HEADER = YES;
				GCC_PREFIX_HEADER = "RadioUVM/RadioUVM-Prefix.pch";
				INFOPLIST_FILE = "RadioUVMTests/RadioUVMTests-Info.plist";
				PRODUCT_NAME = "$(TARGET_NAME)";
				TEST_HOST = "$(BUNDLE_LOADER)";
				WRAPPER_EXTENSION = xctest;
			};
			name = Release;
		};
/* End XCBuildConfiguration section */

/* Begin XCConfigurationList section */
		9A8BF32419EAFBA500126775 /* Build configuration list for PBXProject "RadioUVM" */ = {
			isa = XCConfigurationList;
			buildConfigurations = (
				9A8BF35919EAFBA500126775 /* Debug */,
				9A8BF35A19EAFBA500126775 /* Release */,
			);
			defaultConfigurationIsVisible = 0;
			defaultConfigurationName = Release;
		};
		9A8BF35B19EAFBA500126775 /* Build configuration list for PBXNativeTarget "RadioUVM" */ = {
			isa = XCConfigurationList;
			buildConfigurations = (
				9A8BF35C19EAFBA500126775 /* Debug */,
				9A8BF35D19EAFBA500126775 /* Release */,
			);
			defaultConfigurationIsVisible = 0;
			defaultConfigurationName = Release;
		};
		9A8BF35E19EAFBA500126775 /* Build configuration list for PBXNativeTarget "RadioUVMTests" */ = {
			isa = XCConfigurationList;
			buildConfigurations = (
				9A8BF35F19EAFBA500126775 /* Debug */,
				9A8BF36019EAFBA500126775 /* Release */,
			);
			defaultConfigurationIsVisible = 0;
			defaultConfigurationName = Release;
		};
/* End XCConfigurationList section */
	};
	rootObject = 9A8BF32119EAFBA500126775 /* Project object */;
}
